
Microsoft Visual Studio Solution File, Format Version 12.00
# Visual Studio 15
Project("{FAE04EC0-301F-11D3-BF4B-00C04F79EFBC}") = "Assembly-CSharp", "Assembly-CSharp.csproj", "{7446AC2C-7CCD-EDB8-A8B7-87A4D584CC20}"
EndProject
Project("{FAE04EC0-301F-11D3-BF4B-00C04F79EFBC}") = "Unity.2DPlatformer.Tutorials", "Unity.2DPlatformer.Tutorials.csproj", "{1D3CA92E-BC51-D561-3BFD-07BF3C82B9E3}"
EndProject
Project("{FAE04EC0-301F-11D3-BF4B-00C04F79EFBC}") = "Unity.Platformer.Tutorials", "Unity.Platformer.Tutorials.csproj", "{3BDEE3DB-A650-9AF3-4CFC-694480C84564}"
EndProject
Project("{FAE04EC0-301F-11D3-BF4B-00C04F79EFBC}") = "Assembly-CSharp-Editor", "Assembly-CSharp-Editor.csproj", "{CBA1B633-2F31-58FE-E8D8-63A59ADBBF62}"
EndProject
Global
	GlobalSection(SolutionConfigurationPlatforms) = preSolution
		Debug|Any CPU = Debug|Any CPU
		Release|Any CPU = Release|Any CPU
	EndGlobalSection
	GlobalSection(ProjectConfigurationPlatforms) = postSolution
		{7446AC2C-7CCD-EDB8-A8B7-87A4D584CC20}.Debug|Any CPU.ActiveCfg = Debug|Any CPU
		{7446AC2C-7CCD-EDB8-A8B7-87A4D584CC20}.Debug|Any CPU.Build.0 = Debug|Any CPU
		{7446AC2C-7CCD-EDB8-A8B7-87A4D584CC20}.Release|Any CPU.ActiveCfg = Release|Any CPU
		{7446AC2C-7CCD-EDB8-A8B7-87A4D584CC20}.Release|Any CPU.Build.0 = Release|Any CPU
		{1D3CA92E-BC51-D561-3BFD-07BF3C82B9E3}.Debug|Any CPU.ActiveCfg = Debug|Any CPU
		{1D3CA92E-BC51-D561-3BFD-07BF3C82B9E3}.Debug|Any CPU.Build.0 = Debug|Any CPU
		{1D3CA92E-BC51-D561-3BFD-07BF3C82B9E3}.Release|Any CPU.ActiveCfg = Release|Any CPU
		{1D3CA92E-BC51-D561-3BFD-07BF3C82B9E3}.Release|Any CPU.Build.0 = Release|Any CPU
		{3BDEE3DB-A650-9AF3-4CFC-694480C84564}.Debug|Any CPU.ActiveCfg = Debug|Any CPU
		{3BDEE3DB-A650-9AF3-4CFC-694480C84564}.Debug|Any CPU.Build.0 = Debug|Any CPU
		{3BDEE3DB-A650-9AF3-4CFC-694480C84564}.Release|Any CPU.ActiveCfg = Release|Any CPU
		{3BDEE3DB-A650-9AF3-4CFC-694480C84564}.Release|Any CPU.Build.0 = Release|Any CPU
		{CBA1B633-2F31-58FE-E8D8-63A59ADBBF62}.Debug|Any CPU.ActiveCfg = Debug|Any CPU
		{CBA1B633-2F31-58FE-E8D8-63A59ADBBF62}.Debug|Any CPU.Build.0 = Debug|Any CPU
		{CBA1B633-2F31-58FE-E8D8-63A59ADBBF62}.Release|Any CPU.ActiveCfg = Release|Any CPU
		{CBA1B633-2F31-58FE-E8D8-63A59ADBBF62}.Release|Any CPU.Build.0 = Release|Any CPU
	EndGlobalSection
	GlobalSection(SolutionProperties) = preSolution
		HideSolutionNode = FALSE
	EndGlobalSection
EndGlobal
